
Microsoft Visual Studio Solution File, Format Version 11.00
# Visual Studio 2010
Project("{FAE04EC0-301F-11D3-BF4B-00C04F79EFBC}") = "SpeechToSpotify", "Assembly-CSharp.csproj", "{9599AF6A-FDC3-C0C6-8A42-2D7EA201105F}"
EndProject
Project("{FAE04EC0-301F-11D3-BF4B-00C04F79EFBC}") = "SpeechToSpotify", "Assembly-CSharp-Editor.csproj", "{AB1E9AB7-A2A1-0BAE-6B28-C2B2204569D7}"
EndProject
Global
	GlobalSection(SolutionConfigurationPlatforms) = preSolution
		Debug|Any CPU = Debug|Any CPU
		Release|Any CPU = Release|Any CPU
	EndGlobalSection
	GlobalSection(ProjectConfigurationPlatforms) = postSolution
		{9599AF6A-FDC3-C0C6-8A42-2D7EA201105F}.Debug|Any CPU.ActiveCfg = Debug|Any CPU
		{9599AF6A-FDC3-C0C6-8A42-2D7EA201105F}.Debug|Any CPU.Build.0 = Debug|Any CPU
		{9599AF6A-FDC3-C0C6-8A42-2D7EA201105F}.Release|Any CPU.ActiveCfg = Release|Any CPU
		{9599AF6A-FDC3-C0C6-8A42-2D7EA201105F}.Release|Any CPU.Build.0 = Release|Any CPU
		{AB1E9AB7-A2A1-0BAE-6B28-C2B2204569D7}.Debug|Any CPU.ActiveCfg = Debug|Any CPU
		{AB1E9AB7-A2A1-0BAE-6B28-C2B2204569D7}.Debug|Any CPU.Build.0 = Debug|Any CPU
		{AB1E9AB7-A2A1-0BAE-6B28-C2B2204569D7}.Release|Any CPU.ActiveCfg = Release|Any CPU
		{AB1E9AB7-A2A1-0BAE-6B28-C2B2204569D7}.Release|Any CPU.Build.0 = Release|Any CPU
	EndGlobalSection
	GlobalSection(SolutionProperties) = preSolution
		HideSolutionNode = FALSE
	EndGlobalSection
	GlobalSection(MonoDevelopProperties) = preSolution
		StartupItem = Assembly-CSharp.csproj
	EndGlobalSection
EndGlobal
